
Microsoft Visual Studio Solution File, Format Version 12.00
# Visual Studio 15
VisualStudioVersion = 15.0.28307.102
MinimumVisualStudioVersion = 10.0.40219.1
Project("{FAE04EC0-301F-11D3-BF4B-00C04F79EFBC}") = "SkillsMatrix.WebMVC", "SkillsMatrix.WebMVC\SkillsMatrix.WebMVC.csproj", "{44CD613B-ABA9-41FA-93C0-712C7D0CC26F}"
EndProject
Global
	GlobalSection(SolutionConfigurationPlatforms) = preSolution
		Debug|Any CPU = Debug|Any CPU
		Release|Any CPU = Release|Any CPU
	EndGlobalSection
	GlobalSection(ProjectConfigurationPlatforms) = postSolution
		{44CD613B-ABA9-41FA-93C0-712C7D0CC26F}.Debug|Any CPU.ActiveCfg = Debug|Any CPU
		{44CD613B-ABA9-41FA-93C0-712C7D0CC26F}.Debug|Any CPU.Build.0 = Debug|Any CPU
		{44CD613B-ABA9-41FA-93C0-712C7D0CC26F}.Release|Any CPU.ActiveCfg = Release|Any CPU
		{44CD613B-ABA9-41FA-93C0-712C7D0CC26F}.Release|Any CPU.Build.0 = Release|Any CPU
	EndGlobalSection
	GlobalSection(SolutionProperties) = preSolution
		HideSolutionNode = FALSE
	EndGlobalSection
	GlobalSection(ExtensibilityGlobals) = postSolution
		SolutionGuid = {BF2B5AB8-D745-46DE-95ED-4E5C5974E865}
	EndGlobalSection
EndGlobal
